// !$*UTF8*$!
{
	archiveVersion = 1;
	classes = {
	};
	objectVersion = 56;
	objects = {

/* Begin PBXBuildFile section */
		D25ED7882A363E9200A81970 /* StatusBarView.swift in Sources */ = {isa = PBXBuildFile; fileRef = D25ED7872A363E9200A81970 /* StatusBarView.swift */; };
		D25ED78A2A36424A00A81970 /* OrderItemView.swift in Sources */ = {isa = PBXBuildFile; fileRef = D25ED7892A36424A00A81970 /* OrderItemView.swift */; };
		D2BE16D82A2636B20047B105 /* MyPizzaApp.swift in Sources */ = {isa = PBXBuildFile; fileRef = D2BE16D72A2636B20047B105 /* MyPizzaApp.swift */; };
		D2BE16DA2A2636B20047B105 /* ContentView.swift in Sources */ = {isa = PBXBuildFile; fileRef = D2BE16D92A2636B20047B105 /* ContentView.swift */; };
		D2BE16DC2A2636B30047B105 /* Assets.xcassets in Resources */ = {isa = PBXBuildFile; fileRef = D2BE16DB2A2636B30047B105 /* Assets.xcassets */; };
		D2BE16DF2A2636B30047B105 /* Preview Assets.xcassets in Resources */ = {isa = PBXBuildFile; fileRef = D2BE16DE2A2636B30047B105 /* Preview Assets.xcassets */; };
		D2BE16E92A2636B30047B105 /* MyPizzaTests.swift in Sources */ = {isa = PBXBuildFile; fileRef = D2BE16E82A2636B30047B105 /* MyPizzaTests.swift */; };
		D2BE16F32A2636B30047B105 /* MyPizzaUITests.swift in Sources */ = {isa = PBXBuildFile; fileRef = D2BE16F22A2636B30047B105 /* MyPizzaUITests.swift */; };
		D2BE16F52A2636B30047B105 /* MyPizzaUITestsLaunchTests.swift in Sources */ = {isa = PBXBuildFile; fileRef = D2BE16F42A2636B30047B105 /* MyPizzaUITestsLaunchTests.swift */; };
		D2BE17022A264CF00047B105 /* OrderView.swift in Sources */ = {isa = PBXBuildFile; fileRef = D2BE17012A264CF00047B105 /* OrderView.swift */; };
		D2BE17042A264D530047B105 /* MenuView.swift in Sources */ = {isa = PBXBuildFile; fileRef = D2BE17032A264D530047B105 /* MenuView.swift */; };
		D2BE17062A264E010047B105 /* MenuItemView.swift in Sources */ = {isa = PBXBuildFile; fileRef = D2BE17052A264E010047B105 /* MenuItemView.swift */; };
		D2BE17082A264E0F0047B105 /* MenuRowView.swift in Sources */ = {isa = PBXBuildFile; fileRef = D2BE17072A264E0F0047B105 /* MenuRowView.swift */; };
		D2BE170A2A264E1F0047B105 /* OrderRowView.swift in Sources */ = {isa = PBXBuildFile; fileRef = D2BE17092A264E1F0047B105 /* OrderRowView.swift */; };
		D2BE170E2A26507F0047B105 /* HeaderView.swift in Sources */ = {isa = PBXBuildFile; fileRef = D2BE170D2A26507F0047B105 /* HeaderView.swift */; };
		D2BE17102A2656240047B105 /* RatingsView.swift in Sources */ = {isa = PBXBuildFile; fileRef = D2BE170F2A2656240047B105 /* RatingsView.swift */; };
		D2BE17182A2897550047B105 /* OrderModel.swift in Sources */ = {isa = PBXBuildFile; fileRef = D2BE17142A2897550047B105 /* OrderModel.swift */; };
		D2BE17192A2897550047B105 /* MenuItem.swift in Sources */ = {isa = PBXBuildFile; fileRef = D2BE17152A2897550047B105 /* MenuItem.swift */; };
		D2BE171A2A2897550047B105 /* OrderItem.swift in Sources */ = {isa = PBXBuildFile; fileRef = D2BE17162A2897550047B105 /* OrderItem.swift */; };
		D2BE171B2A2897550047B105 /* MenuModel.swift in Sources */ = {isa = PBXBuildFile; fileRef = D2BE17172A2897550047B105 /* MenuModel.swift */; };
/* End PBXBuildFile section */

/* Begin PBXContainerItemProxy section */
		D2BE16E52A2636B30047B105 /* PBXContainerItemProxy */ = {
			isa = PBXContainerItemProxy;
			containerPortal = D2BE16CC2A2636B20047B105 /* Project object */;
			proxyType = 1;
			remoteGlobalIDString = D2BE16D32A2636B20047B105;
			remoteInfo = MyPizza;
		};
		D2BE16EF2A2636B30047B105 /* PBXContainerItemProxy */ = {
			isa = PBXContainerItemProxy;
			containerPortal = D2BE16CC2A2636B20047B105 /* Project object */;
			proxyType = 1;
			remoteGlobalIDString = D2BE16D32A2636B20047B105;
			remoteInfo = MyPizza;
		};
/* End PBXContainerItemProxy section */

/* Begin PBXFileReference section */
		D25ED7872A363E9200A81970 /* StatusBarView.swift */ = {isa = PBXFileReference; lastKnownFileType = sourcecode.swift; path = StatusBarView.swift; sourceTree = "<group>"; };
		D25ED7892A36424A00A81970 /* OrderItemView.swift */ = {isa = PBXFileReference; lastKnownFileType = sourcecode.swift; path = OrderItemView.swift; sourceTree = "<group>"; };
		D2BE16D42A2636B20047B105 /* MyPizza.app */ = {isa = PBXFileReference; explicitFileType = wrapper.application; includeInIndex = 0; path = MyPizza.app; sourceTree = BUILT_PRODUCTS_DIR; };
		D2BE16D72A2636B20047B105 /* MyPizzaApp.swift */ = {isa = PBXFileReference; lastKnownFileType = sourcecode.swift; path = MyPizzaApp.swift; sourceTree = "<group>"; };
		D2BE16D92A2636B20047B105 /* ContentView.swift */ = {isa = PBXFileReference; lastKnownFileType = sourcecode.swift; path = ContentView.swift; sourceTree = "<group>"; };
		D2BE16DB2A2636B30047B105 /* Assets.xcassets */ = {isa = PBXFileReference; lastKnownFileType = folder.assetcatalog; path = Assets.xcassets; sourceTree = "<group>"; };
		D2BE16DE2A2636B30047B105 /* Preview Assets.xcassets */ = {isa = PBXFileReference; lastKnownFileType = folder.assetcatalog; path = "Preview Assets.xcassets"; sourceTree = "<group>"; };
		D2BE16E42A2636B30047B105 /* MyPizzaTests.xctest */ = {isa = PBXFileReference; explicitFileType = wrapper.cfbundle; includeInIndex = 0; path = MyPizzaTests.xctest; sourceTree = BUILT_PRODUCTS_DIR; };
		D2BE16E82A2636B30047B105 /* MyPizzaTests.swift */ = {isa = PBXFileReference; lastKnownFileType = sourcecode.swift; path = MyPizzaTests.swift; sourceTree = "<group>"; };
		D2BE16EE2A2636B30047B105 /* MyPizzaUITests.xctest */ = {isa = PBXFileReference; explicitFileType = wrapper.cfbundle; includeInIndex = 0; path = MyPizzaUITests.xctest; sourceTree = BUILT_PRODUCTS_DIR; };
		D2BE16F22A2636B30047B105 /* MyPizzaUITests.swift */ = {isa = PBXFileReference; lastKnownFileType = sourcecode.swift; path = MyPizzaUITests.swift; sourceTree = "<group>"; };
		D2BE16F42A2636B30047B105 /* MyPizzaUITestsLaunchTests.swift */ = {isa = PBXFileReference; lastKnownFileType = sourcecode.swift; path = MyPizzaUITestsLaunchTests.swift; sourceTree = "<group>"; };
		D2BE17012A264CF00047B105 /* OrderView.swift */ = {isa = PBXFileReference; lastKnownFileType = sourcecode.swift; path = OrderView.swift; sourceTree = "<group>"; };
		D2BE17032A264D530047B105 /* MenuView.swift */ = {isa = PBXFileReference; lastKnownFileType = sourcecode.swift; path = MenuView.swift; sourceTree = "<group>"; };
		D2BE17052A264E010047B105 /* MenuItemView.swift */ = {isa = PBXFileReference; lastKnownFileType = sourcecode.swift; path = MenuItemView.swift; sourceTree = "<group>"; };
		D2BE17072A264E0F0047B105 /* MenuRowView.swift */ = {isa = PBXFileReference; lastKnownFileType = sourcecode.swift; path = MenuRowView.swift; sourceTree = "<group>"; };
		D2BE17092A264E1F0047B105 /* OrderRowView.swift */ = {isa = PBXFileReference; lastKnownFileType = sourcecode.swift; path = OrderRowView.swift; sourceTree = "<group>"; };
		D2BE170D2A26507F0047B105 /* HeaderView.swift */ = {isa = PBXFileReference; lastKnownFileType = sourcecode.swift; path = HeaderView.swift; sourceTree = "<group>"; };
		D2BE170F2A2656240047B105 /* RatingsView.swift */ = {isa = PBXFileReference; lastKnownFileType = sourcecode.swift; path = RatingsView.swift; sourceTree = "<group>"; };
		D2BE17142A2897550047B105 /* OrderModel.swift */ = {isa = PBXFileReference; fileEncoding = 4; lastKnownFileType = sourcecode.swift; path = OrderModel.swift; sourceTree = "<group>"; };
		D2BE17152A2897550047B105 /* MenuItem.swift */ = {isa = PBXFileReference; fileEncoding = 4; lastKnownFileType = sourcecode.swift; path = MenuItem.swift; sourceTree = "<group>"; };
		D2BE17162A2897550047B105 /* OrderItem.swift */ = {isa = PBXFileReference; fileEncoding = 4; lastKnownFileType = sourcecode.swift; path = OrderItem.swift; sourceTree = "<group>"; };
		D2BE17172A2897550047B105 /* MenuModel.swift */ = {isa = PBXFileReference; fileEncoding = 4; lastKnownFileType = sourcecode.swift; path = MenuModel.swift; sourceTree = "<group>"; };
/* End PBXFileReference section */

/* Begin PBXFrameworksBuildPhase section */
		D2BE16D12A2636B20047B105 /* Frameworks */ = {
			isa = PBXFrameworksBuildPhase;
			buildActionMask = 2147483647;
			files = (
			);
			runOnlyForDeploymentPostprocessing = 0;
		};
		D2BE16E12A2636B30047B105 /* Frameworks */ = {
			isa = PBXFrameworksBuildPhase;
			buildActionMask = 2147483647;
			files = (
			);
			runOnlyForDeploymentPostprocessing = 0;
		};
		D2BE16EB2A2636B30047B105 /* Frameworks */ = {
			isa = PBXFrameworksBuildPhase;
			buildActionMask = 2147483647;
			files = (
			);
			runOnlyForDeploymentPostprocessing = 0;
		};
/* End PBXFrameworksBuildPhase section */

/* Begin PBXGroup section */
		D2BE16CB2A2636B20047B105 = {
			isa = PBXGroup;
			children = (
				D25ED7872A363E9200A81970 /* StatusBarView.swift */,
				D2BE16D62A2636B20047B105 /* MyPizza */,
				D2BE16E72A2636B30047B105 /* MyPizzaTests */,
				D2BE16F12A2636B30047B105 /* MyPizzaUITests */,
				D2BE16D52A2636B20047B105 /* Products */,
			);
			sourceTree = "<group>";
		};
		D2BE16D52A2636B20047B105 /* Products */ = {
			isa = PBXGroup;
			children = (
				D2BE16D42A2636B20047B105 /* MyPizza.app */,
				D2BE16E42A2636B30047B105 /* MyPizzaTests.xctest */,
				D2BE16EE2A2636B30047B105 /* MyPizzaUITests.xctest */,
			);
			name = Products;
			sourceTree = "<group>";
		};
		D2BE16D62A2636B20047B105 /* MyPizza */ = {
			isa = PBXGroup;
			children = (
				D2BE16D72A2636B20047B105 /* MyPizzaApp.swift */,
				D2BE16D92A2636B20047B105 /* ContentView.swift */,
				D25ED7892A36424A00A81970 /* OrderItemView.swift */,
				D2BE16DB2A2636B30047B105 /* Assets.xcassets */,
				D2BE16DD2A2636B30047B105 /* Preview Content */,
				D2BE17012A264CF00047B105 /* OrderView.swift */,
				D2BE17032A264D530047B105 /* MenuView.swift */,
				D2BE17052A264E010047B105 /* MenuItemView.swift */,
				D2BE17072A264E0F0047B105 /* MenuRowView.swift */,
				D2BE17092A264E1F0047B105 /* OrderRowView.swift */,
				D2BE170D2A26507F0047B105 /* HeaderView.swift */,
				D2BE170F2A2656240047B105 /* RatingsView.swift */,
				D2BE17132A2897550047B105 /* Model Code */,
			);
			path = MyPizza;
			sourceTree = "<group>";
		};
		D2BE16DD2A2636B30047B105 /* Preview Content */ = {
			isa = PBXGroup;
			children = (
				D2BE16DE2A2636B30047B105 /* Preview Assets.xcassets */,
			);
			path = "Preview Content";
			sourceTree = "<group>";
		};
		D2BE16E72A2636B30047B105 /* MyPizzaTests */ = {
			isa = PBXGroup;
			children = (
				D2BE16E82A2636B30047B105 /* MyPizzaTests.swift */,
			);
			path = MyPizzaTests;
			sourceTree = "<group>";
		};
		D2BE16F12A2636B30047B105 /* MyPizzaUITests */ = {
			isa = PBXGroup;
			children = (
				D2BE16F22A2636B30047B105 /* MyPizzaUITests.swift */,
				D2BE16F42A2636B30047B105 /* MyPizzaUITestsLaunchTests.swift */,
			);
			path = MyPizzaUITests;
			sourceTree = "<group>";
		};
		D2BE17132A2897550047B105 /* Model Code */ = {
			isa = PBXGroup;
			children = (
				D2BE17142A2897550047B105 /* OrderModel.swift */,
				D2BE17152A2897550047B105 /* MenuItem.swift */,
				D2BE17162A2897550047B105 /* OrderItem.swift */,
				D2BE17172A2897550047B105 /* MenuModel.swift */,
			);
			path = "Model Code";
			sourceTree = "<group>";
		};
/* End PBXGroup section */

/* Begin PBXNativeTarget section */
		D2BE16D32A2636B20047B105 /* MyPizza */ = {
			isa = PBXNativeTarget;
			buildConfigurationList = D2BE16F82A2636B30047B105 /* Build configuration list for PBXNativeTarget "MyPizza" */;
			buildPhases = (
				D2BE16D02A2636B20047B105 /* Sources */,
				D2BE16D12A2636B20047B105 /* Frameworks */,
				D2BE16D22A2636B20047B105 /* Resources */,
			);
			buildRules = (
			);
			dependencies = (
			);
			name = MyPizza;
			productName = MyPizza;
			productReference = D2BE16D42A2636B20047B105 /* MyPizza.app */;
			productType = "com.apple.product-type.application";
		};
		D2BE16E32A2636B30047B105 /* MyPizzaTests */ = {
			isa = PBXNativeTarget;
			buildConfigurationList = D2BE16FB2A2636B30047B105 /* Build configuration list for PBXNativeTarget "MyPizzaTests" */;
			buildPhases = (
				D2BE16E02A2636B30047B105 /* Sources */,
				D2BE16E12A2636B30047B105 /* Frameworks */,
				D2BE16E22A2636B30047B105 /* Resources */,
			);
			buildRules = (
			);
			dependencies = (
				D2BE16E62A2636B30047B105 /* PBXTargetDependency */,
			);
			name = MyPizzaTests;
			productName = MyPizzaTests;
			productReference = D2BE16E42A2636B30047B105 /* MyPizzaTests.xctest */;
			productType = "com.apple.product-type.bundle.unit-test";
		};
		D2BE16ED2A2636B30047B105 /* MyPizzaUITests */ = {
			isa = PBXNativeTarget;
			buildConfigurationList = D2BE16FE2A2636B30047B105 /* Build configuration list for PBXNativeTarget "MyPizzaUITests" */;
			buildPhases = (
				D2BE16EA2A2636B30047B105 /* Sources */,
				D2BE16EB2A2636B30047B105 /* Frameworks */,
				D2BE16EC2A2636B30047B105 /* Resources */,
			);
			buildRules = (
			);
			dependencies = (
				D2BE16F02A2636B30047B105 /* PBXTargetDependency */,
			);
			name = MyPizzaUITests;
			productName = MyPizzaUITests;
			productReference = D2BE16EE2A2636B30047B105 /* MyPizzaUITests.xctest */;
			productType = "com.apple.product-type.bundle.ui-testing";
		};
/* End PBXNativeTarget section */

/* Begin PBXProject section */
		D2BE16CC2A2636B20047B105 /* Project object */ = {
			isa = PBXProject;
			attributes = {
				BuildIndependentTargetsInParallel = 1;
				LastSwiftUpdateCheck = 1430;
				LastUpgradeCheck = 1430;
				TargetAttributes = {
					D2BE16D32A2636B20047B105 = {
						CreatedOnToolsVersion = 14.3;
					};
					D2BE16E32A2636B30047B105 = {
						CreatedOnToolsVersion = 14.3;
						TestTargetID = D2BE16D32A2636B20047B105;
					};
					D2BE16ED2A2636B30047B105 = {
						CreatedOnToolsVersion = 14.3;
						TestTargetID = D2BE16D32A2636B20047B105;
					};
				};
			};
			buildConfigurationList = D2BE16CF2A2636B20047B105 /* Build configuration list for PBXProject "MyPizza" */;
			compatibilityVersion = "Xcode 14.0";
			developmentRegion = en;
			hasScannedForEncodings = 0;
			knownRegions = (
				en,
				Base,
			);
			mainGroup = D2BE16CB2A2636B20047B105;
			productRefGroup = D2BE16D52A2636B20047B105 /* Products */;
			projectDirPath = "";
			projectRoot = "";
			targets = (
				D2BE16D32A2636B20047B105 /* MyPizza */,
				D2BE16E32A2636B30047B105 /* MyPizzaTests */,
				D2BE16ED2A2636B30047B105 /* MyPizzaUITests */,
			);
		};
/* End PBXProject section */

/* Begin PBXResourcesBuildPhase section */
		D2BE16D22A2636B20047B105 /* Resources */ = {
			isa = PBXResourcesBuildPhase;
			buildActionMask = 2147483647;
			files = (
				D2BE16DF2A2636B30047B105 /* Preview Assets.xcassets in Resources */,
				D2BE16DC2A2636B30047B105 /* Assets.xcassets in Resources */,
			);
			runOnlyForDeploymentPostprocessing = 0;
		};
		D2BE16E22A2636B30047B105 /* Resources */ = {
			isa = PBXResourcesBuildPhase;
			buildActionMask = 2147483647;
			files = (
			);
			runOnlyForDeploymentPostprocessing = 0;
		};
		D2BE16EC2A2636B30047B105 /* Resources */ = {
			isa = PBXResourcesBuildPhase;
			buildActionMask = 2147483647;
			files = (
			);
			runOnlyForDeploymentPostprocessing = 0;
		};
/* End PBXResourcesBuildPhase section */

/* Begin PBXSourcesBuildPhase section */
		D2BE16D02A2636B20047B105 /* Sources */ = {
			isa = PBXSourcesBuildPhase;
			buildActionMask = 2147483647;
			files = (
				D2BE17022A264CF00047B105 /* OrderView.swift in Sources */,
				D2BE17042A264D530047B105 /* MenuView.swift in Sources */,
				D2BE17182A2897550047B105 /* OrderModel.swift in Sources */,
				D2BE16DA2A2636B20047B105 /* ContentView.swift in Sources */,
				D2BE16D82A2636B20047B105 /* MyPizzaApp.swift in Sources */,
				D2BE171A2A2897550047B105 /* OrderItem.swift in Sources */,
				D2BE17102A2656240047B105 /* RatingsView.swift in Sources */,
				D25ED78A2A36424A00A81970 /* OrderItemView.swift in Sources */,
				D2BE17082A264E0F0047B105 /* MenuRowView.swift in Sources */,
				D2BE170A2A264E1F0047B105 /* OrderRowView.swift in Sources */,
				D2BE171B2A2897550047B105 /* MenuModel.swift in Sources */,
				D25ED7882A363E9200A81970 /* StatusBarView.swift in Sources */,
				D2BE17192A2897550047B105 /* MenuItem.swift in Sources */,
				D2BE17062A264E010047B105 /* MenuItemView.swift in Sources */,
				D2BE170E2A26507F0047B105 /* HeaderView.swift in Sources */,
			);
			runOnlyForDeploymentPostprocessing = 0;
		};
		D2BE16E02A2636B30047B105 /* Sources */ = {
			isa = PBXSourcesBuildPhase;
			buildActionMask = 2147483647;
			files = (
				D2BE16E92A2636B30047B105 /* MyPizzaTests.swift in Sources */,
			);
			runOnlyForDeploymentPostprocessing = 0;
		};
		D2BE16EA2A2636B30047B105 /* Sources */ = {
			isa = PBXSourcesBuildPhase;
			buildActionMask = 2147483647;
			files = (
				D2BE16F32A2636B30047B105 /* MyPizzaUITests.swift in Sources */,
				D2BE16F52A2636B30047B105 /* MyPizzaUITestsLaunchTests.swift in Sources */,
			);
			runOnlyForDeploymentPostprocessing = 0;
		};
/* End PBXSourcesBuildPhase section */

/* Begin PBXTargetDependency section */
		D2BE16E62A2636B30047B105 /* PBXTargetDependency */ = {
			isa = PBXTargetDependency;
			target = D2BE16D32A2636B20047B105 /* MyPizza */;
			targetProxy = D2BE16E52A2636B30047B105 /* PBXContainerItemProxy */;
		};
		D2BE16F02A2636B30047B105 /* PBXTargetDependency */ = {
			isa = PBXTargetDependency;
			target = D2BE16D32A2636B20047B105 /* MyPizza */;
			targetProxy = D2BE16EF2A2636B30047B105 /* PBXContainerItemProxy */;
		};
/* End PBXTargetDependency section */

/* Begin XCBuildConfiguration section */
		D2BE16F62A2636B30047B105 /* Debug */ = {
			isa = XCBuildConfiguration;
			buildSettings = {
				ALWAYS_SEARCH_USER_PATHS = NO;
				CLANG_ANALYZER_NONNULL = YES;
				CLANG_ANALYZER_NUMBER_OBJECT_CONVERSION = YES_AGGRESSIVE;
				CLANG_CXX_LANGUAGE_STANDARD = "gnu++20";
				CLANG_ENABLE_MODULES = YES;
				CLANG_ENABLE_OBJC_ARC = YES;
				CLANG_ENABLE_OBJC_WEAK = YES;
				CLANG_WARN_BLOCK_CAPTURE_AUTORELEASING = YES;
				CLANG_WARN_BOOL_CONVERSION = YES;
				CLANG_WARN_COMMA = YES;
				CLANG_WARN_CONSTANT_CONVERSION = YES;
				CLANG_WARN_DEPRECATED_OBJC_IMPLEMENTATIONS = YES;
				CLANG_WARN_DIRECT_OBJC_ISA_USAGE = YES_ERROR;
				CLANG_WARN_DOCUMENTATION_COMMENTS = YES;
				CLANG_WARN_EMPTY_BODY = YES;
				CLANG_WARN_ENUM_CONVERSION = YES;
				CLANG_WARN_INFINITE_RECURSION = YES;
				CLANG_WARN_INT_CONVERSION = YES;
				CLANG_WARN_NON_LITERAL_NULL_CONVERSION = YES;
				CLANG_WARN_OBJC_IMPLICIT_RETAIN_SELF = YES;
				CLANG_WARN_OBJC_LITERAL_CONVERSION = YES;
				CLANG_WARN_OBJC_ROOT_CLASS = YES_ERROR;
				CLANG_WARN_QUOTED_INCLUDE_IN_FRAMEWORK_HEADER = YES;
				CLANG_WARN_RANGE_LOOP_ANALYSIS = YES;
				CLANG_WARN_STRICT_PROTOTYPES = YES;
				CLANG_WARN_SUSPICIOUS_MOVE = YES;
				CLANG_WARN_UNGUARDED_AVAILABILITY = YES_AGGRESSIVE;
				CLANG_WARN_UNREACHABLE_CODE = YES;
				CLANG_WARN__DUPLICATE_METHOD_MATCH = YES;
				COPY_PHASE_STRIP = NO;
				DEBUG_INFORMATION_FORMAT = dwarf;
				ENABLE_STRICT_OBJC_MSGSEND = YES;
				ENABLE_TESTABILITY = YES;
				GCC_C_LANGUAGE_STANDARD = gnu11;
				GCC_DYNAMIC_NO_PIC = NO;
				GCC_NO_COMMON_BLOCKS = YES;
				GCC_OPTIMIZATION_LEVEL = 0;
				GCC_PREPROCESSOR_DEFINITIONS = (
					"DEBUG=1",
					"$(inherited)",
				);
				GCC_WARN_64_TO_32_BIT_CONVERSION = YES;
				GCC_WARN_ABOUT_RETURN_TYPE = YES_ERROR;
				GCC_WARN_UNDECLARED_SELECTOR = YES;
				GCC_WARN_UNINITIALIZED_AUTOS = YES_AGGRESSIVE;
				GCC_WARN_UNUSED_FUNCTION = YES;
				GCC_WARN_UNUSED_VARIABLE = YES;
				IPHONEOS_DEPLOYMENT_TARGET = 16.4;
				MTL_ENABLE_DEBUG_INFO = INCLUDE_SOURCE;
				MTL_FAST_MATH = YES;
				ONLY_ACTIVE_ARCH = YES;
				SDKROOT = iphoneos;
				SWIFT_ACTIVE_COMPILATION_CONDITIONS = DEBUG;
				SWIFT_OPTIMIZATION_LEVEL = "-Onone";
			};
			name = Debug;
		};
		D2BE16F72A2636B30047B105 /* Release */ = {
			isa = XCBuildConfiguration;
			buildSettings = {
				ALWAYS_SEARCH_USER_PATHS = NO;
				CLANG_ANALYZER_NONNULL = YES;
				CLANG_ANALYZER_NUMBER_OBJECT_CONVERSION = YES_AGGRESSIVE;
				CLANG_CXX_LANGUAGE_STANDARD = "gnu++20";
				CLANG_ENABLE_MODULES = YES;
				CLANG_ENABLE_OBJC_ARC = YES;
				CLANG_ENABLE_OBJC_WEAK = YES;
				CLANG_WARN_BLOCK_CAPTURE_AUTORELEASING = YES;
				CLANG_WARN_BOOL_CONVERSION = YES;
				CLANG_WARN_COMMA = YES;
				CLANG_WARN_CONSTANT_CONVERSION = YES;
				CLANG_WARN_DEPRECATED_OBJC_IMPLEMENTATIONS = YES;
				CLANG_WARN_DIRECT_OBJC_ISA_USAGE = YES_ERROR;
				CLANG_WARN_DOCUMENTATION_COMMENTS = YES;
				CLANG_WARN_EMPTY_BODY = YES;
				CLANG_WARN_ENUM_CONVERSION = YES;
				CLANG_WARN_INFINITE_RECURSION = YES;
				CLANG_WARN_INT_CONVERSION = YES;
				CLANG_WARN_NON_LITERAL_NULL_CONVERSION = YES;
				CLANG_WARN_OBJC_IMPLICIT_RETAIN_SELF = YES;
				CLANG_WARN_OBJC_LITERAL_CONVERSION = YES;
				CLANG_WARN_OBJC_ROOT_CLASS = YES_ERROR;
				CLANG_WARN_QUOTED_INCLUDE_IN_FRAMEWORK_HEADER = YES;
				CLANG_WARN_RANGE_LOOP_ANALYSIS = YES;
				CLANG_WARN_STRICT_PROTOTYPES = YES;
				CLANG_WARN_SUSPICIOUS_MOVE = YES;
				CLANG_WARN_UNGUARDED_AVAILABILITY = YES_AGGRESSIVE;
				CLANG_WARN_UNREACHABLE_CODE = YES;
				CLANG_WARN__DUPLICATE_METHOD_MATCH = YES;
				COPY_PHASE_STRIP = NO;
				DEBUG_INFORMATION_FORMAT = "dwarf-with-dsym";
				ENABLE_NS_ASSERTIONS = NO;
				ENABLE_STRICT_OBJC_MSGSEND = YES;
				GCC_C_LANGUAGE_STANDARD = gnu11;
				GCC_NO_COMMON_BLOCKS = YES;
				GCC_WARN_64_TO_32_BIT_CONVERSION = YES;
				GCC_WARN_ABOUT_RETURN_TYPE = YES_ERROR;
				GCC_WARN_UNDECLARED_SELECTOR = YES;
				GCC_WARN_UNINITIALIZED_AUTOS = YES_AGGRESSIVE;
				GCC_WARN_UNUSED_FUNCTION = YES;
				GCC_WARN_UNUSED_VARIABLE = YES;
				IPHONEOS_DEPLOYMENT_TARGET = 16.4;
				MTL_ENABLE_DEBUG_INFO = NO;
				MTL_FAST_MATH = YES;
				SDKROOT = iphoneos;
				SWIFT_COMPILATION_MODE = wholemodule;
				SWIFT_OPTIMIZATION_LEVEL = "-O";
				VALIDATE_PRODUCT = YES;
			};
			name = Release;
		};
		D2BE16F92A2636B30047B105 /* Debug */ = {
			isa = XCBuildConfiguration;
			buildSettings = {
				ASSETCATALOG_COMPILER_APPICON_NAME = AppIcon;
				ASSETCATALOG_COMPILER_GLOBAL_ACCENT_COLOR_NAME = AccentColor;
				CODE_SIGN_STYLE = Automatic;
				CURRENT_PROJECT_VERSION = 1;
				DEVELOPMENT_ASSET_PATHS = "\"MyPizza/Preview Content\"";
				DEVELOPMENT_TEAM = NB7837487A;
				ENABLE_PREVIEWS = YES;
				GENERATE_INFOPLIST_FILE = YES;
				INFOPLIST_KEY_UIApplicationSceneManifest_Generation = YES;
				INFOPLIST_KEY_UIApplicationSupportsIndirectInputEvents = YES;
				INFOPLIST_KEY_UILaunchScreen_Generation = YES;
				INFOPLIST_KEY_UISupportedInterfaceOrientations_iPad = "UIInterfaceOrientationPortrait UIInterfaceOrientationPortraitUpsideDown UIInterfaceOrientationLandscapeLeft UIInterfaceOrientationLandscapeRight";
				INFOPLIST_KEY_UISupportedInterfaceOrientations_iPhone = "UIInterfaceOrientationPortrait UIInterfaceOrientationLandscapeLeft UIInterfaceOrientationLandscapeRight";
				LD_RUNPATH_SEARCH_PATHS = (
					"$(inherited)",
					"@executable_path/Frameworks",
				);
				MARKETING_VERSION = 1.0;
				PRODUCT_BUNDLE_IDENTIFIER = dev.alisina.MyPizza;
				PRODUCT_NAME = "$(TARGET_NAME)";
				SWIFT_EMIT_LOC_STRINGS = YES;
				SWIFT_VERSION = 5.0;
				TARGETED_DEVICE_FAMILY = "1,2";
			};
			name = Debug;
		};
		D2BE16FA2A2636B30047B105 /* Release */ = {
			isa = XCBuildConfiguration;
			buildSettings = {
				ASSETCATALOG_COMPILER_APPICON_NAME = AppIcon;
				ASSETCATALOG_COMPILER_GLOBAL_ACCENT_COLOR_NAME = AccentColor;
				CODE_SIGN_STYLE = Automatic;
				CURRENT_PROJECT_VERSION = 1;
				DEVELOPMENT_ASSET_PATHS = "\"MyPizza/Preview Content\"";
				DEVELOPMENT_TEAM = NB7837487A;
				ENABLE_PREVIEWS = YES;
				GENERATE_INFOPLIST_FILE = YES;
				INFOPLIST_KEY_UIApplicationSceneManifest_Generation = YES;
				INFOPLIST_KEY_UIApplicationSupportsIndirectInputEvents = YES;
				INFOPLIST_KEY_UILaunchScreen_Generation = YES;
				INFOPLIST_KEY_UISupportedInterfaceOrientations_iPad = "UIInterfaceOrientationPortrait UIInterfaceOrientationPortraitUpsideDown UIInterfaceOrientationLandscapeLeft UIInterfaceOrientationLandscapeRight";
				INFOPLIST_KEY_UISupportedInterfaceOrientations_iPhone = "UIInterfaceOrientationPortrait UIInterfaceOrientationLandscapeLeft UIInterfaceOrientationLandscapeRight";
				LD_RUNPATH_SEARCH_PATHS = (
					"$(inherited)",
					"@executable_path/Frameworks",
				);
				MARKETING_VERSION = 1.0;
				PRODUCT_BUNDLE_IDENTIFIER = dev.alisina.MyPizza;
				PRODUCT_NAME = "$(TARGET_NAME)";
				SWIFT_EMIT_LOC_STRINGS = YES;
				SWIFT_VERSION = 5.0;
				TARGETED_DEVICE_FAMILY = "1,2";
			};
			name = Release;
		};
		D2BE16FC2A2636B30047B105 /* Debug */ = {
			isa = XCBuildConfiguration;
			buildSettings = {
				ALWAYS_EMBED_SWIFT_STANDARD_LIBRARIES = YES;
				BUNDLE_LOADER = "$(TEST_HOST)";
				CODE_SIGN_STYLE = Automatic;
				CURRENT_PROJECT_VERSION = 1;
				DEVELOPMENT_TEAM = NB7837487A;
				GENERATE_INFOPLIST_FILE = YES;
				IPHONEOS_DEPLOYMENT_TARGET = 16.4;
				MARKETING_VERSION = 1.0;
				PRODUCT_BUNDLE_IDENTIFIER = dev.alisina.MyPizzaTests;
				PRODUCT_NAME = "$(TARGET_NAME)";
				SWIFT_EMIT_LOC_STRINGS = NO;
				SWIFT_VERSION = 5.0;
				TARGETED_DEVICE_FAMILY = "1,2";
				TEST_HOST = "$(BUILT_PRODUCTS_DIR)/MyPizza.app/$(BUNDLE_EXECUTABLE_FOLDER_PATH)/MyPizza";
			};
			name = Debug;
		};
		D2BE16FD2A2636B30047B105 /* Release */ = {
			isa = XCBuildConfiguration;
			buildSettings = {
				ALWAYS_EMBED_SWIFT_STANDARD_LIBRARIES = YES;
				BUNDLE_LOADER = "$(TEST_HOST)";
				CODE_SIGN_STYLE = Automatic;
				CURRENT_PROJECT_VERSION = 1;
				DEVELOPMENT_TEAM = NB7837487A;
				GENERATE_INFOPLIST_FILE = YES;
				IPHONEOS_DEPLOYMENT_TARGET = 16.4;
				MARKETING_VERSION = 1.0;
				PRODUCT_BUNDLE_IDENTIFIER = dev.alisina.MyPizzaTests;
				PRODUCT_NAME = "$(TARGET_NAME)";
				SWIFT_EMIT_LOC_STRINGS = NO;
				SWIFT_VERSION = 5.0;
				TARGETED_DEVICE_FAMILY = "1,2";
				TEST_HOST = "$(BUILT_PRODUCTS_DIR)/MyPizza.app/$(BUNDLE_EXECUTABLE_FOLDER_PATH)/MyPizza";
			};
			name = Release;
		};
		D2BE16FF2A2636B30047B105 /* Debug */ = {
			isa = XCBuildConfiguration;
			buildSettings = {
				ALWAYS_EMBED_SWIFT_STANDARD_LIBRARIES = YES;
				CODE_SIGN_STYLE = Automatic;
				CURRENT_PROJECT_VERSION = 1;
				DEVELOPMENT_TEAM = NB7837487A;
				GENERATE_INFOPLIST_FILE = YES;
				MARKETING_VERSION = 1.0;
				PRODUCT_BUNDLE_IDENTIFIER = dev.alisina.MyPizzaUITests;
				PRODUCT_NAME = "$(TARGET_NAME)";
				SWIFT_EMIT_LOC_STRINGS = NO;
				SWIFT_VERSION = 5.0;
				TARGETED_DEVICE_FAMILY = "1,2";
				TEST_TARGET_NAME = MyPizza;
			};
			name = Debug;
		};
		D2BE17002A2636B30047B105 /* Release */ = {
			isa = XCBuildConfiguration;
			buildSettings = {
				ALWAYS_EMBED_SWIFT_STANDARD_LIBRARIES = YES;
				CODE_SIGN_STYLE = Automatic;
				CURRENT_PROJECT_VERSION = 1;
				DEVELOPMENT_TEAM = NB7837487A;
				GENERATE_INFOPLIST_FILE = YES;
				MARKETING_VERSION = 1.0;
				PRODUCT_BUNDLE_IDENTIFIER = dev.alisina.MyPizzaUITests;
				PRODUCT_NAME = "$(TARGET_NAME)";
				SWIFT_EMIT_LOC_STRINGS = NO;
				SWIFT_VERSION = 5.0;
				TARGETED_DEVICE_FAMILY = "1,2";
				TEST_TARGET_NAME = MyPizza;
			};
			name = Release;
		};
/* End XCBuildConfiguration section */

/* Begin XCConfigurationList section */
		D2BE16CF2A2636B20047B105 /* Build configuration list for PBXProject "MyPizza" */ = {
			isa = XCConfigurationList;
			buildConfigurations = (
				D2BE16F62A2636B30047B105 /* Debug */,
				D2BE16F72A2636B30047B105 /* Release */,
			);
			defaultConfigurationIsVisible = 0;
			defaultConfigurationName = Release;
		};
		D2BE16F82A2636B30047B105 /* Build configuration list for PBXNativeTarget "MyPizza" */ = {
			isa = XCConfigurationList;
			buildConfigurations = (
				D2BE16F92A2636B30047B105 /* Debug */,
				D2BE16FA2A2636B30047B105 /* Release */,
			);
			defaultConfigurationIsVisible = 0;
			defaultConfigurationName = Release;
		};
		D2BE16FB2A2636B30047B105 /* Build configuration list for PBXNativeTarget "MyPizzaTests" */ = {
			isa = XCConfigurationList;
			buildConfigurations = (
				D2BE16FC2A2636B30047B105 /* Debug */,
				D2BE16FD2A2636B30047B105 /* Release */,
			);
			defaultConfigurationIsVisible = 0;
			defaultConfigurationName = Release;
		};
		D2BE16FE2A2636B30047B105 /* Build configuration list for PBXNativeTarget "MyPizzaUITests" */ = {
			isa = XCConfigurationList;
			buildConfigurations = (
				D2BE16FF2A2636B30047B105 /* Debug */,
				D2BE17002A2636B30047B105 /* Release */,
			);
			defaultConfigurationIsVisible = 0;
			defaultConfigurationName = Release;
		};
/* End XCConfigurationList section */
	};
	rootObject = D2BE16CC2A2636B20047B105 /* Project object */;
}
